
Microsoft Visual Studio Solution File, Format Version 12.00
# Visual Studio Version 17
VisualStudioVersion = 17.8.34330.188
MinimumVisualStudioVersion = 10.0.40219.1
Project("{9A19103F-16F7-4668-BE54-9A1E7A4F7556}") = "NetCore", "NetCore.csproj", "{9C0600D0-50F6-4A95-8E13-D619B5CB5D93}"
EndProject
Project("{9A19103F-16F7-4668-BE54-9A1E7A4F7556}") = "Optimization2", "..\Optimization2\Optimization2.csproj", "{B7711841-97C0-43CB-A53F-E484E850CDA8}"
EndProject
Project("{FAE04EC0-301F-11D3-BF4B-00C04F79EFBC}") = "WebApplication1", "..\WebApplication1\WebApplication1.csproj", "{7AFB904C-C6CA-4B7D-BA44-452D7FFEFD31}"
EndProject
Global
	GlobalSection(SolutionConfigurationPlatforms) = preSolution
		Debug|Any CPU = Debug|Any CPU
		Release|Any CPU = Release|Any CPU
	EndGlobalSection
	GlobalSection(ProjectConfigurationPlatforms) = postSolution
		{9C0600D0-50F6-4A95-8E13-D619B5CB5D93}.Debug|Any CPU.ActiveCfg = Debug|Any CPU
		{9C0600D0-50F6-4A95-8E13-D619B5CB5D93}.Debug|Any CPU.Build.0 = Debug|Any CPU
		{9C0600D0-50F6-4A95-8E13-D619B5CB5D93}.Release|Any CPU.ActiveCfg = Release|Any CPU
		{9C0600D0-50F6-4A95-8E13-D619B5CB5D93}.Release|Any CPU.Build.0 = Release|Any CPU
		{B7711841-97C0-43CB-A53F-E484E850CDA8}.Debug|Any CPU.ActiveCfg = Debug|Any CPU
		{B7711841-97C0-43CB-A53F-E484E850CDA8}.Debug|Any CPU.Build.0 = Debug|Any CPU
		{B7711841-97C0-43CB-A53F-E484E850CDA8}.Release|Any CPU.ActiveCfg = Release|Any CPU
		{B7711841-97C0-43CB-A53F-E484E850CDA8}.Release|Any CPU.Build.0 = Release|Any CPU
		{7AFB904C-C6CA-4B7D-BA44-452D7FFEFD31}.Debug|Any CPU.ActiveCfg = Debug|Any CPU
		{7AFB904C-C6CA-4B7D-BA44-452D7FFEFD31}.Debug|Any CPU.Build.0 = Debug|Any CPU
		{7AFB904C-C6CA-4B7D-BA44-452D7FFEFD31}.Release|Any CPU.ActiveCfg = Release|Any CPU
		{7AFB904C-C6CA-4B7D-BA44-452D7FFEFD31}.Release|Any CPU.Build.0 = Release|Any CPU
	EndGlobalSection
	GlobalSection(SolutionProperties) = preSolution
		HideSolutionNode = FALSE
	EndGlobalSection
	GlobalSection(ExtensibilityGlobals) = postSolution
		SolutionGuid = {993DDCF0-CD48-41CA-85CA-135B3E0E4C37}
	EndGlobalSection
EndGlobal
